// !$*UTF8*$!
{
	archiveVersion = 1;
	classes = {
	};
	objectVersion = 46;
	objects = {

/* Begin PBXBuildFile section */
		B73EFA841DA913C60000F2C4 /* AppDelegate.swift in Sources */ = {isa = PBXBuildFile; fileRef = B73EFA831DA913C60000F2C4 /* AppDelegate.swift */; };
		B73EFA861DA913C60000F2C4 /* ViewController.swift in Sources */ = {isa = PBXBuildFile; fileRef = B73EFA851DA913C60000F2C4 /* ViewController.swift */; };
		B73EFA891DA913C60000F2C4 /* Main.storyboard in Resources */ = {isa = PBXBuildFile; fileRef = B73EFA871DA913C60000F2C4 /* Main.storyboard */; };
		B73EFA8B1DA913C60000F2C4 /* Assets.xcassets in Resources */ = {isa = PBXBuildFile; fileRef = B73EFA8A1DA913C60000F2C4 /* Assets.xcassets */; };
		B73EFA8E1DA913C60000F2C4 /* LaunchScreen.storyboard in Resources */ = {isa = PBXBuildFile; fileRef = B73EFA8C1DA913C60000F2C4 /* LaunchScreen.storyboard */; };
/* End PBXBuildFile section */

/* Begin PBXFileReference section */
		B73EFA801DA913C60000F2C4 /* Testproject.app */ = {isa = PBXFileReference; explicitFileType = wrapper.application; includeInIndex = 0; path = Testproject.app; sourceTree = BUILT_PRODUCTS_DIR; };
		B73EFA831DA913C60000F2C4 /* AppDelegate.swift */ = {isa = PBXFileReference; lastKnownFileType = sourcecode.swift; path = AppDelegate.swift; sourceTree = "<group>"; };
		B73EFA851DA913C60000F2C4 /* ViewController.swift */ = {isa = PBXFileReference; lastKnownFileType = sourcecode.swift; path = ViewController.swift; sourceTree = "<group>"; };
		B73EFA881DA913C60000F2C4 /* Base */ = {isa = PBXFileReference; lastKnownFileType = file.storyboard; name = Base; path = Base.lproj/Main.storyboard; sourceTree = "<group>"; };
		B73EFA8A1DA913C60000F2C4 /* Assets.xcassets */ = {isa = PBXFileReference; lastKnownFileType = folder.assetcatalog; path = Assets.xcassets; sourceTree = "<group>"; };
		B73EFA8D1DA913C60000F2C4 /* Base */ = {isa = PBXFileReference; lastKnownFileType = file.storyboard; name = Base; path = Base.lproj/LaunchScreen.storyboard; sourceTree = "<group>"; };
		B73EFA8F1DA913C60000F2C4 /* Info.plist */ = {isa = PBXFileReference; lastKnownFileType = text.plist.xml; path = Info.plist; sourceTree = "<group>"; };
/* End PBXFileReference section */

/* Begin PBXFrameworksBuildPhase section */
		B73EFA7D1DA913C60000F2C4 /* Frameworks */ = {
			isa = PBXFrameworksBuildPhase;
			buildActionMask = 2147483647;
			files = (
			);
			runOnlyForDeploymentPostprocessing = 0;
		};
/* End PBXFrameworksBuildPhase section */

/* Begin PBXGroup section */
		B73EFA771DA913C60000F2C4 = {
			isa = PBXGroup;
			children = (
				B73EFA821DA913C60000F2C4 /* Testproject */,
				B73EFA811DA913C60000F2C4 /* Products */,
			);
			sourceTree = "<group>";
		};
		B73EFA811DA913C60000F2C4 /* Products */ = {
			isa = PBXGroup;
			children = (
				B73EFA801DA913C60000F2C4 /* Testproject.app */,
			);
			name = Products;
			sourceTree = "<group>";
		};
		B73EFA821DA913C60000F2C4 /* Testproject */ = {
			isa = PBXGroup;
			children = (
				B73EFA831DA913C60000F2C4 /* AppDelegate.swift */,
				B73EFA851DA913C60000F2C4 /* ViewController.swift */,
				B73EFA871DA913C60000F2C4 /* Main.storyboard */,
				B73EFA8A1DA913C60000F2C4 /* Assets.xcassets */,
				B73EFA8C1DA913C60000F2C4 /* LaunchScreen.storyboard */,
				B73EFA8F1DA913C60000F2C4 /* Info.plist */,
			);
			path = Testproject;
			sourceTree = "<group>";
		};
/* End PBXGroup section */

/* Begin PBXNativeTarget section */
		B73EFA7F1DA913C60000F2C4 /* Testproject */ = {
			isa = PBXNativeTarget;
			buildConfigurationList = B73EFA921DA913C60000F2C4 /* Build configuration list for PBXNativeTarget "Testproject" */;
			buildPhases = (
				B73EFA7C1DA913C60000F2C4 /* Sources */,
				B73EFA7D1DA913C60000F2C4 /* Frameworks */,
				B73EFA7E1DA913C60000F2C4 /* Resources */,
			);
			buildRules = (
			);
			dependencies = (
			);
			name = Testproject;
			productName = Testproject;
			productReference = B73EFA801DA913C60000F2C4 /* Testproject.app */;
			productType = "com.apple.product-type.application";
		};
/* End PBXNativeTarget section */

/* Begin PBXProject section */
		B73EFA781DA913C60000F2C4 /* Project object */ = {
			isa = PBXProject;
			attributes = {
				LastSwiftUpdateCheck = 0800;
				LastUpgradeCheck = 0800;
				ORGANIZATIONNAME = Rahul;
				TargetAttributes = {
					B73EFA7F1DA913C60000F2C4 = {
						CreatedOnToolsVersion = 8.0;
						ProvisioningStyle = Automatic;
					};
				};
			};
			buildConfigurationList = B73EFA7B1DA913C60000F2C4 /* Build configuration list for PBXProject "Testproject" */;
			compatibilityVersion = "Xcode 3.2";
			developmentRegion = English;
			hasScannedForEncodings = 0;
			knownRegions = (
				en,
				Base,
			);
			mainGroup = B73EFA771DA913C60000F2C4;
			productRefGroup = B73EFA811DA913C60000F2C4 /* Products */;
			projectDirPath = "";
			projectRoot = "";
			targets = (
				B73EFA7F1DA913C60000F2C4 /* Testproject */,
			);
		};
/* End PBXProject section */

/* Begin PBXResourcesBuildPhase section */
		B73EFA7E1DA913C60000F2C4 /* Resources */ = {
			isa = PBXResourcesBuildPhase;
			buildActionMask = 2147483647;
			files = (
				B73EFA8E1DA913C60000F2C4 /* LaunchScreen.storyboard in Resources */,
				B73EFA8B1DA913C60000F2C4 /* Assets.xcassets in Resources */,
				B73EFA891DA913C60000F2C4 /* Main.storyboard in Resources */,
			);
			runOnlyForDeploymentPostprocessing = 0;
		};
/* End PBXResourcesBuildPhase section */

/* Begin PBXSourcesBuildPhase section */
		B73EFA7C1DA913C60000F2C4 /* Sources */ = {
			isa = PBXSourcesBuildPhase;
			buildActionMask = 2147483647;
			files = (
				B73EFA861DA913C60000F2C4 /* ViewController.swift in Sources */,
				B73EFA841DA913C60000F2C4 /* AppDelegate.swift in Sources */,
			);
			runOnlyForDeploymentPostprocessing = 0;
		};
/* End PBXSourcesBuildPhase section */

/* Begin PBXVariantGroup section */
		B73EFA871DA913C60000F2C4 /* Main.storyboard */ = {
			isa = PBXVariantGroup;
			children = (
				B73EFA881DA913C60000F2C4 /* Base */,
			);
			name = Main.storyboard;
			sourceTree = "<group>";
		};
		B73EFA8C1DA913C60000F2C4 /* LaunchScreen.storyboard */ = {
			isa = PBXVariantGroup;
			children = (
				B73EFA8D1DA913C60000F2C4 /* Base */,
			);
			name = LaunchScreen.storyboard;
			sourceTree = "<group>";
		};
/* End PBXVariantGroup section */

/* Begin XCBuildConfiguration section */
		B73EFA901DA913C60000F2C4 /* Debug */ = {
			isa = XCBuildConfiguration;
			buildSettings = {
				ALWAYS_SEARCH_USER_PATHS = NO;
				CLANG_ANALYZER_NONNULL = YES;
				CLANG_CXX_LANGUAGE_STANDARD = "gnu++0x";
				CLANG_CXX_LIBRARY = "libc++";
				CLANG_ENABLE_MODULES = YES;
				CLANG_ENABLE_OBJC_ARC = YES;
				CLANG_WARN_BOOL_CONVERSION = YES;
				CLANG_WARN_CONSTANT_CONVERSION = YES;
				CLANG_WARN_DIRECT_OBJC_ISA_USAGE = YES_ERROR;
				CLANG_WARN_DOCUMENTATION_COMMENTS = YES;
				CLANG_WARN_EMPTY_BODY = YES;
				CLANG_WARN_ENUM_CONVERSION = YES;
				CLANG_WARN_INFINITE_RECURSION = YES;
				CLANG_WARN_INT_CONVERSION = YES;
				CLANG_WARN_OBJC_ROOT_CLASS = YES_ERROR;
				CLANG_WARN_SUSPICIOUS_MOVES = YES;
				CLANG_WARN_UNREACHABLE_CODE = YES;
				CLANG_WARN__DUPLICATE_METHOD_MATCH = YES;
				"CODE_SIGN_IDENTITY[sdk=iphoneos*]" = "iPhone Developer";
				COPY_PHASE_STRIP = NO;
				DEBUG_INFORMATION_FORMAT = dwarf;
				ENABLE_STRICT_OBJC_MSGSEND = YES;
				ENABLE_TESTABILITY = YES;
				GCC_C_LANGUAGE_STANDARD = gnu99;
				GCC_DYNAMIC_NO_PIC = NO;
				GCC_NO_COMMON_BLOCKS = YES;
				GCC_OPTIMIZATION_LEVEL = 0;
				GCC_PREPROCESSOR_DEFINITIONS = (
					"DEBUG=1",
					"$(inherited)",
				);
				GCC_WARN_64_TO_32_BIT_CONVERSION = YES;
				GCC_WARN_ABOUT_RETURN_TYPE = YES_ERROR;
				GCC_WARN_UNDECLARED_SELECTOR = YES;
				GCC_WARN_UNINITIALIZED_AUTOS = YES_AGGRESSIVE;
				GCC_WARN_UNUSED_FUNCTION = YES;
				GCC_WARN_UNUSED_VARIABLE = YES;
				IPHONEOS_DEPLOYMENT_TARGET = 10.0;
				MTL_ENABLE_DEBUG_INFO = YES;
				ONLY_ACTIVE_ARCH = YES;
				SDKROOT = iphoneos;
				SWIFT_ACTIVE_COMPILATION_CONDITIONS = DEBUG;
				SWIFT_OPTIMIZATION_LEVEL = "-Onone";
				TARGETED_DEVICE_FAMILY = "1,2";
			};
			name = Debug;
		};
		B73EFA911DA913C60000F2C4 /* Release */ = {
			isa = XCBuildConfiguration;
			buildSettings = {
				ALWAYS_SEARCH_USER_PATHS = NO;
				CLANG_ANALYZER_NONNULL = YES;
				CLANG_CXX_LANGUAGE_STANDARD = "gnu++0x";
				CLANG_CXX_LIBRARY = "libc++";
				CLANG_ENABLE_MODULES = YES;
				CLANG_ENABLE_OBJC_ARC = YES;
				CLANG_WARN_BOOL_CONVERSION = YES;
				CLANG_WARN_CONSTANT_CONVERSION = YES;
				CLANG_WARN_DIRECT_OBJC_ISA_USAGE = YES_ERROR;
				CLANG_WARN_DOCUMENTATION_COMMENTS = YES;
				CLANG_WARN_EMPTY_BODY = YES;
				CLANG_WARN_ENUM_CONVERSION = YES;
				CLANG_WARN_INFINITE_RECURSION = YES;
				CLANG_WARN_INT_CONVERSION = YES;
				CLANG_WARN_OBJC_ROOT_CLASS = YES_ERROR;
				CLANG_WARN_SUSPICIOUS_MOVES = YES;
				CLANG_WARN_UNREACHABLE_CODE = YES;
				CLANG_WARN__DUPLICATE_METHOD_MATCH = YES;
				"CODE_SIGN_IDENTITY[sdk=iphoneos*]" = "iPhone Developer";
				COPY_PHASE_STRIP = NO;
				DEBUG_INFORMATION_FORMAT = "dwarf-with-dsym";
				ENABLE_NS_ASSERTIONS = NO;
				ENABLE_STRICT_OBJC_MSGSEND = YES;
				GCC_C_LANGUAGE_STANDARD = gnu99;
				GCC_NO_COMMON_BLOCKS = YES;
				GCC_WARN_64_TO_32_BIT_CONVERSION = YES;
				GCC_WARN_ABOUT_RETURN_TYPE = YES_ERROR;
				GCC_WARN_UNDECLARED_SELECTOR = YES;
				GCC_WARN_UNINITIALIZED_AUTOS = YES_AGGRESSIVE;
				GCC_WARN_UNUSED_FUNCTION = YES;
				GCC_WARN_UNUSED_VARIABLE = YES;
				IPHONEOS_DEPLOYMENT_TARGET = 10.0;
				MTL_ENABLE_DEBUG_INFO = NO;
				SDKROOT = iphoneos;
				SWIFT_OPTIMIZATION_LEVEL = "-Owholemodule";
				TARGETED_DEVICE_FAMILY = "1,2";
				VALIDATE_PRODUCT = YES;
			};
			name = Release;
		};
		B73EFA931DA913C60000F2C4 /* Debug */ = {
			isa = XCBuildConfiguration;
			buildSettings = {
				ASSETCATALOG_COMPILER_APPICON_NAME = AppIcon;
				INFOPLIST_FILE = Testproject/Info.plist;
				LD_RUNPATH_SEARCH_PATHS = "$(inherited) @executable_path/Frameworks";
				PRODUCT_BUNDLE_IDENTIFIER = xyz.Testproject;
				PRODUCT_NAME = "$(TARGET_NAME)";
				SWIFT_VERSION = 3.0;
			};
			name = Debug;
		};
		B73EFA941DA913C60000F2C4 /* Release */ = {
			isa = XCBuildConfiguration;
			buildSettings = {
				ASSETCATALOG_COMPILER_APPICON_NAME = AppIcon;
				INFOPLIST_FILE = Testproject/Info.plist;
				LD_RUNPATH_SEARCH_PATHS = "$(inherited) @executable_path/Frameworks";
				PRODUCT_BUNDLE_IDENTIFIER = xyz.Testproject;
				PRODUCT_NAME = "$(TARGET_NAME)";
				SWIFT_VERSION = 3.0;
			};
			name = Release;
		};
/* End XCBuildConfiguration section */

/* Begin XCConfigurationList section */
		B73EFA7B1DA913C60000F2C4 /* Build configuration list for PBXProject "Testproject" */ = {
			isa = XCConfigurationList;
			buildConfigurations = (
				B73EFA901DA913C60000F2C4 /* Debug */,
				B73EFA911DA913C60000F2C4 /* Release */,
			);
			defaultConfigurationIsVisible = 0;
			defaultConfigurationName = Release;
		};
		B73EFA921DA913C60000F2C4 /* Build configuration list for PBXNativeTarget "Testproject" */ = {
			isa = XCConfigurationList;
			buildConfigurations = (
				B73EFA931DA913C60000F2C4 /* Debug */,
				B73EFA941DA913C60000F2C4 /* Release */,
			);
			defaultConfigurationIsVisible = 0;
		};
/* End XCConfigurationList section */
	};
	rootObject = B73EFA781DA913C60000F2C4 /* Project object */;
}
